
Microsoft Visual Studio Solution File, Format Version 12.00
# Visual Studio Version 16
VisualStudioVersion = 16.0.29215.179
MinimumVisualStudioVersion = 10.0.40219.1
Project("{FAE04EC0-301F-11D3-BF4B-00C04F79EFBC}") = "n01354605_assignment1-A", "n01354605_assignment1-A\n01354605_assignment1-A.csproj", "{CF5699C8-4E9C-4CDC-99FF-D70F12214832}"
EndProject
Global
	GlobalSection(SolutionConfigurationPlatforms) = preSolution
		Debug|Any CPU = Debug|Any CPU
		Release|Any CPU = Release|Any CPU
	EndGlobalSection
	GlobalSection(ProjectConfigurationPlatforms) = postSolution
		{CF5699C8-4E9C-4CDC-99FF-D70F12214832}.Debug|Any CPU.ActiveCfg = Debug|Any CPU
		{CF5699C8-4E9C-4CDC-99FF-D70F12214832}.Debug|Any CPU.Build.0 = Debug|Any CPU
		{CF5699C8-4E9C-4CDC-99FF-D70F12214832}.Release|Any CPU.ActiveCfg = Release|Any CPU
		{CF5699C8-4E9C-4CDC-99FF-D70F12214832}.Release|Any CPU.Build.0 = Release|Any CPU
	EndGlobalSection
	GlobalSection(SolutionProperties) = preSolution
		HideSolutionNode = FALSE
	EndGlobalSection
	GlobalSection(ExtensibilityGlobals) = postSolution
		SolutionGuid = {E288D7B6-F791-45FB-9CC3-A4D901F7DF95}
	EndGlobalSection
EndGlobal
